{
  "version": "4",
  "remote": {
    "https://deno.land/x/good@1.13.2.0/flattened/all_equal.js": "b7e179e04347505c4b9fc6dd0e66533fba817756a28633820fe83f0c437e3744",
    "https://deno.land/x/good@1.13.2.0/flattened/all_key_descriptions.js": "9ca2bb16873db46ab1bcab6a49012136b51976bbadf155cc11368c5ccb935420",
    "https://deno.land/x/good@1.13.2.0/flattened/all_keys.js": "71ed06664181d08960b7df5e401bf7f82224457a65b41d5ddd71fd0e5e61b0cc",
    "https://deno.land/x/good@1.13.2.0/flattened/array_iterator__class.js": "1b9dff937cbb6794cab7b1a61a7a46259469d468296014f7eff2738cde80f3b7",
    "https://deno.land/x/good@1.13.2.0/flattened/async_function__class.js": "bd04910ff65e3b440a81ad513a92aae70d5cec77e05e07539b7d5a4920d920cf",
    "https://deno.land/x/good@1.13.2.0/flattened/async_generator_function__class.js": "04813b9c28e55cfb85b92ef7b6d83c9c235807ad627b61bd1d1914990f152fe3",
    "https://deno.land/x/good@1.13.2.0/flattened/async_generator_object__class.js": "c72ca3489ceb0ccba868ff791a9209f1e6e3f19242d79d81359558f9db253f9b",
    "https://deno.land/x/good@1.13.2.0/flattened/built_in_copyable_primitive_classes.js": "f2507aaaa5678722af149e840690a5c7c3a7fd894e37605eeca04e3841a55753",
    "https://deno.land/x/good@1.13.2.0/flattened/capitalize.js": "ac03f2894251737c8fc01ba39cbfbde144e22fb96af1549fc063873d48b43575",
    "https://deno.land/x/good@1.13.2.0/flattened/common_prefix.js": "f6072ca22f516e182ee1af713461b275d066128b758f13bfbaeddc4938ed7ae8",
    "https://deno.land/x/good@1.13.2.0/flattened/common_prefix_removed.js": "72f555e127b89724921bba2569690442bcabe4058c78f120fb1504b480a4dcfa",
    "https://deno.land/x/good@1.13.2.0/flattened/common_suffix.js": "6bfcf2947d5bfa72899bbdf258a55e85f7c1cc205f0305715c6ea1ca72718866",
    "https://deno.land/x/good@1.13.2.0/flattened/common_suffix_removed.js": "3f7d28a0ebc13e9fb63129d87878f184f6f42cad7cd033daeb1110d19eaf5308",
    "https://deno.land/x/good@1.13.2.0/flattened/deep_copy.js": "8f5d97c9237448180bcb708198280b9f9b64996eb35daeb9ccb5d2a2dae9ccfe",
    "https://deno.land/x/good@1.13.2.0/flattened/deep_copy_symbol.js": "e0b0c6aaa052efe0dc95ff408ce494440afc74b0d5154d65899cd7f80222aada",
    "https://deno.land/x/good@1.13.2.0/flattened/deep_sort_object.js": "6f144ef332291cb8cb007c70c2de47c33770b5e8e55bbec917034ee6c97b6846",
    "https://deno.land/x/good@1.13.2.0/flattened/did_you_mean.js": "e563f9cfecdab817767a47ccba46a13b46a2053c9d35641c079a3e0f107a4a39",
    "https://deno.land/x/good@1.13.2.0/flattened/digits_to_english_array.js": "3380712146f777e66bf84ec8ba883141c0a5aad1fbce9dc14ed22807f1faa341",
    "https://deno.land/x/good@1.13.2.0/flattened/empty_generator_object.js": "5832c04b97297226fa8b8c715b5311dd1b63fe0722d1000cfb4213a554d7ef12",
    "https://deno.land/x/good@1.13.2.0/flattened/escape_js_string.js": "8dabb44e745c24f9aab53acadf64e2b8a7a26918287225a84d7343abc180cc01",
    "https://deno.land/x/good@1.13.2.0/flattened/escape_regex_match.js": "bb48e25ebce3fb919530606400cb93b81772ebeb0181f30d0e188910dc7a274d",
    "https://deno.land/x/good@1.13.2.0/flattened/escape_regex_replace.js": "68a3e6b1ff9b2f5d11b597ebf951ce278b8c078c9d13f431aacb55cf952eff46",
    "https://deno.land/x/good@1.13.2.0/flattened/extract_first.js": "4fad1720bd1cc31dcc0dcc670c0686df317d020129a2d1a396d7283edf77cdda",
    "https://deno.land/x/good@1.13.2.0/flattened/find_all.js": "5b2e9e2ceb6c0ff8d18fcac8ab9e102f2e4cdfddd6c7d28efe7feeaa458d36cc",
    "https://deno.land/x/good@1.13.2.0/flattened/indent.js": "8014a642ee1d22901b9c5e8768ce7b0e582bfe142814442199b44a7e17dbbaa0",
    "https://deno.land/x/good@1.13.2.0/flattened/is_async_iterable.js": "78fd5a1fd4a1e060a912a79fb963691d92874d1477d8d1193fcbf8f0b5f1bb80",
    "https://deno.land/x/good@1.13.2.0/flattened/is_built_in_sync_iterator.js": "38425e05bf4f75e002c8ac920dbf2b9453a465e8b624869e4e6d63b11c3753da",
    "https://deno.land/x/good@1.13.2.0/flattened/is_generator_object.js": "1e70c76cc8e09607f14d041fab921fd20d78c4e09fe2ca5760cba6c8b7cb9264",
    "https://deno.land/x/good@1.13.2.0/flattened/is_iterable_object_or_container.js": "fe4ce8f58d432b7272f36233bbec5141d5704e6316c679ef62a655b03fdb91b5",
    "https://deno.land/x/good@1.13.2.0/flattened/is_iterable_technically.js": "3b95d416d7181f7e876c90cbba2b2fd4fd5beb00a4c466e58218724c75af1f95",
    "https://deno.land/x/good@1.13.2.0/flattened/is_iterator.js": "4ec120bca955f3132ddb9d5688ca0f5bb730462065b5b7b8d952f8b2ab62b7c5",
    "https://deno.land/x/good@1.13.2.0/flattened/is_practically_primitive.js": "a6a002bb265862b0d06c99c140eb4a86f74bb51e8cf3322c6022c1ab3b971e4b",
    "https://deno.land/x/good@1.13.2.0/flattened/is_primitive.js": "a5392f05599254293f25e17bc1124eb2200314e9a8f088448faf892d80da3e21",
    "https://deno.land/x/good@1.13.2.0/flattened/is_pure_object.js": "db8e0c9dd21db248d53256ef58e9adaf1d9b530d613cc30514243674438cd2d5",
    "https://deno.land/x/good@1.13.2.0/flattened/is_sync_iterable.js": "793cfb7e1d1ce764e4d78ee84f4149fec07c7fd41bc34589cc766e906bd4fced",
    "https://deno.land/x/good@1.13.2.0/flattened/is_sync_iterable_object_or_container.js": "df4c5b3dd9adc8713759f34c6f6977899b01d1d0bb79e09db45f37b3fee3b6ca",
    "https://deno.land/x/good@1.13.2.0/flattened/is_valid_identifier.js": "8336e641318bbe52d9a948f4b1c30a544c6e23d298a60d7383dfd896eaa8f32d",
    "https://deno.land/x/good@1.13.2.0/flattened/is_valid_key_literal.js": "92a4006858f0db16da69e929900be675e0b0fd240fe177a86fe0b75b8114b39f",
    "https://deno.land/x/good@1.13.2.0/flattened/iter_zip_long_sync.js": "4c94a0b3de809ebd82bb6deab36b8d6501484bb01a8b50e0a2f5766969e31932",
    "https://deno.land/x/good@1.13.2.0/flattened/iteratively_find_all.js": "99df80abbd648ade4ab0a2631e7ed45a9c28cf5d37fe4d7c541b926249727c18",
    "https://deno.land/x/good@1.13.2.0/flattened/levenshtein_distance_between.js": "e385eb1546874ab9dc5df0ceccb90a5435f41500bfab31f0af2db11a7172bbfd",
    "https://deno.land/x/good@1.13.2.0/flattened/levenshtein_distance_ordering.js": "e5a75c94bc00b83ab9136d522ce78c2a712e7a7ad56511f8dda4088bf1669b28",
    "https://deno.land/x/good@1.13.2.0/flattened/make_iterator.js": "ea6a397d92b7384b8a0da02df22e9212ecbf11aa89bfc4eedeb8214056634e3c",
    "https://deno.land/x/good@1.13.2.0/flattened/map_iterator__class.js": "c2619a8a67ff7ad1164175e0dfb91d886aca0272574f752a9d291845e2101cb0",
    "https://deno.land/x/good@1.13.2.0/flattened/own_key_descriptions.js": "83912de94b7a312bee00aeb9ce91639b6e41fc49566567b91f5ad5fd43e86076",
    "https://deno.land/x/good@1.13.2.0/flattened/regex.js": "67031e9e823372ecf1ddb2cb23c9386d19688a67cc26875057d7843f20d3ef7f",
    "https://deno.land/x/good@1.13.2.0/flattened/remove_common_prefix.js": "33bc350be6bcc1fdc301c64974f44f7a2d00317ff595348e406d0c79b1005e14",
    "https://deno.land/x/good@1.13.2.0/flattened/remove_common_suffix.js": "cd101bb555afdb74ee619d043ba33f39e9eadaf0688cd91d4c6e866914de3326",
    "https://deno.land/x/good@1.13.2.0/flattened/set_iterator__class.js": "891620901e610f91cca0594fbf7d3ba9fc68596c920fb75308e43802e7876d6b",
    "https://deno.land/x/good@1.13.2.0/flattened/shallow_sort_object.js": "2abbfd1c319bafa126ef8d9daf9965d93c7bb8efa016d4bb7b248250a3a2f3e8",
    "https://deno.land/x/good@1.13.2.0/flattened/stable_stringify.js": "20b8a038e12a713782d834c0aec8ec60118e33fc59d98f623ae668f4d13ba095",
    "https://deno.land/x/good@1.13.2.0/flattened/string_to_utf8_bytes.js": "cdf8e955c3758f96e23fac5fb1741e0b3186b430c80a638b4696e98690ad3ac6",
    "https://deno.land/x/good@1.13.2.0/flattened/sync_generator_function__class.js": "513a077785f5d02b291438393ab28aea496ad3b598f2e67835281c4c2d65c59b",
    "https://deno.land/x/good@1.13.2.0/flattened/sync_generator_object__class.js": "65048eebf288e5fcd6d07abb89c32a1b5abe28bb262e5843eac89e3837d02894",
    "https://deno.land/x/good@1.13.2.0/flattened/sync_iterator_prototype.js": "6bf85b0e1f9ec3c12b0f275fabe3b81896d3b0f604b4cd4ae9fae519513fa876",
    "https://deno.land/x/good@1.13.2.0/flattened/to_camel_case.js": "fb339ac115d9cc065c47015ec0fc99e2ae0db9ce4725e499df48de14a2235f10",
    "https://deno.land/x/good@1.13.2.0/flattened/to_kebab_case.js": "e0d0e1c17bd53533f9faeb39a3d8ceb1ebf6024eadb0f353447a80a388f0ed17",
    "https://deno.land/x/good@1.13.2.0/flattened/to_pascal_case.js": "3b8adc536f8ae99360f2d87b5a1b3624eff1646792abcbcc7379f0094a2d4e1b",
    "https://deno.land/x/good@1.13.2.0/flattened/to_representation.js": "43b790e1fa70eb2d008bd2629dbc5403e930e81d4b5479e17b35aff6d13a6785",
    "https://deno.land/x/good@1.13.2.0/flattened/to_screaming_kebab_case.js": "59a043737404aec93f2e8a49ee665108194d5c444d8d483658146af4728a03fb",
    "https://deno.land/x/good@1.13.2.0/flattened/to_screaming_snake_case.js": "ae3a0aa0c70a8d96beaf8dafce9f232f4244cc2522888031751228e327d1ce90",
    "https://deno.land/x/good@1.13.2.0/flattened/to_snake_case.js": "d3d489b88987afae54856c00784113c58fc012af5cf143d88eab9325a408d718",
    "https://deno.land/x/good@1.13.2.0/flattened/to_string.js": "eaf5dbcdccea49da5eeea5ba10260876eae2ca248bfb30157ca62fea8ac6e347",
    "https://deno.land/x/good@1.13.2.0/flattened/typed_array__class.js": "90aff697c9b806cc12c2d72fd4aad994b1239790fc4da060d8e9621bf84070d6",
    "https://deno.land/x/good@1.13.2.0/flattened/typed_array_classes.js": "a4820d7bbec03a38fb26f45ed3995fedbebc355e934d046b6f490b55df959300",
    "https://deno.land/x/good@1.13.2.0/flattened/utf8_bytes_to_string.js": "2312c84d92a4698fe2d1ae9d3741d5af8f00bec0d9a7147d4d1e19cf1ee345ec",
    "https://deno.land/x/good@1.13.2.0/flattened/word_list.js": "fc39da8e045a7f1e017e208c9ebbd4803ff74b4e437458d765fc11461e60d7f0",
    "https://deno.land/x/good@1.13.2.0/flattened/zip_long.js": "73159db0a96262311f4427f8fa507e2387f790d26dadd5fdcfc88a2ec5d668c8",
    "https://deno.land/x/good@1.13.2.0/string.js": "86530d16b29313c9fe52bb0fee0536c93842651bb4671b8d14dd5e6ac15e85d9",
    "https://deno.land/x/good@1.13.2.0/value.js": "7d6b209bde1ab6af524090e4072490a9e9c7b4aca71cf12d2f30f93351cfb7e7"
  },
  "workspace": {
    "packageJson": {
      "dependencies": [
        "npm:xhtm@^1.5.3"
      ]
    }
  }
}
