{
  "name": "@!!!!!/elemental",
  "version": "1.0.0",
  "lockfileVersion": 2,
  "requires": true,
  "packages": {
    "": {
      "name": "@!!!!!/elemental",
      "version": "1.0.0",
      "license": "MIT",
      "dependencies": {
        "xhtm": "^1.5.3"
      }
    },
    "node_modules/xhtm": {
      "version": "1.5.3",
      "resolved": "https://registry.npmjs.org/xhtm/-/xhtm-1.5.3.tgz",
      "integrity": "sha512-gC4fNPRcrJUc5WPY/tjRA3RpDWPqXtbtVeechBd7yCBUpo57K33fgPcobictOYaAy5bFB4UXDBxvDWQPXCtPCA=="
    }
  },
  "dependencies": {
    "xhtm": {
      "version": "1.5.3",
      "resolved": "https://registry.npmjs.org/xhtm/-/xhtm-1.5.3.tgz",
      "integrity": "sha512-gC4fNPRcrJUc5WPY/tjRA3RpDWPqXtbtVeechBd7yCBUpo57K33fgPcobictOYaAy5bFB4UXDBxvDWQPXCtPCA=="
    }
  }
}
